
Microsoft Visual Studio Solution File, Format Version 12.00
# Visual Studio 2013
VisualStudioVersion = 12.0.21005.1
MinimumVisualStudioVersion = 10.0.40219.1
Project("{FAE04EC0-301F-11D3-BF4B-00C04F79EFBC}") = "CBcryptlib", "CBcrypt\CBcryptlib.csproj", "{EA4B580D-6951-41C2-A3DA-94A54B5F5FA0}"
EndProject
Project("{FAE04EC0-301F-11D3-BF4B-00C04F79EFBC}") = "Example", "Example\Example.csproj", "{1DCBFA46-CD0E-44AA-9E93-1DE09DA56050}"
EndProject
Global
	GlobalSection(SolutionConfigurationPlatforms) = preSolution
		Debug|Any CPU = Debug|Any CPU
		Release|Any CPU = Release|Any CPU
	EndGlobalSection
	GlobalSection(ProjectConfigurationPlatforms) = postSolution
		{EA4B580D-6951-41C2-A3DA-94A54B5F5FA0}.Debug|Any CPU.ActiveCfg = Debug|Any CPU
		{EA4B580D-6951-41C2-A3DA-94A54B5F5FA0}.Debug|Any CPU.Build.0 = Debug|Any CPU
		{EA4B580D-6951-41C2-A3DA-94A54B5F5FA0}.Release|Any CPU.ActiveCfg = Release|Any CPU
		{EA4B580D-6951-41C2-A3DA-94A54B5F5FA0}.Release|Any CPU.Build.0 = Release|Any CPU
		{1DCBFA46-CD0E-44AA-9E93-1DE09DA56050}.Debug|Any CPU.ActiveCfg = Debug|Any CPU
		{1DCBFA46-CD0E-44AA-9E93-1DE09DA56050}.Debug|Any CPU.Build.0 = Debug|Any CPU
		{1DCBFA46-CD0E-44AA-9E93-1DE09DA56050}.Release|Any CPU.ActiveCfg = Release|Any CPU
		{1DCBFA46-CD0E-44AA-9E93-1DE09DA56050}.Release|Any CPU.Build.0 = Release|Any CPU
	EndGlobalSection
	GlobalSection(SolutionProperties) = preSolution
		HideSolutionNode = FALSE
	EndGlobalSection
EndGlobal
