
Microsoft Visual Studio Solution File, Format Version 12.00
# Visual Studio 2013
VisualStudioVersion = 12.0.21005.1
MinimumVisualStudioVersion = 10.0.40219.1
Project("{FAE04EC0-301F-11D3-BF4B-00C04F79EFBC}") = "CBCrypt", "CBCrypt\CBCrypt.csproj", "{7AEFCC6A-DD32-4286-9839-5A4765D7E94C}"
EndProject
Project("{FAE04EC0-301F-11D3-BF4B-00C04F79EFBC}") = "UnitTest", "UnitTest\UnitTest.csproj", "{AF6F3CC7-2787-4E7E-BBBA-20A158122D72}"
EndProject
Global
	GlobalSection(SolutionConfigurationPlatforms) = preSolution
		Debug|Any CPU = Debug|Any CPU
		Release|Any CPU = Release|Any CPU
	EndGlobalSection
	GlobalSection(ProjectConfigurationPlatforms) = postSolution
		{7AEFCC6A-DD32-4286-9839-5A4765D7E94C}.Debug|Any CPU.ActiveCfg = Debug|Any CPU
		{7AEFCC6A-DD32-4286-9839-5A4765D7E94C}.Debug|Any CPU.Build.0 = Debug|Any CPU
		{7AEFCC6A-DD32-4286-9839-5A4765D7E94C}.Release|Any CPU.ActiveCfg = Release|Any CPU
		{7AEFCC6A-DD32-4286-9839-5A4765D7E94C}.Release|Any CPU.Build.0 = Release|Any CPU
		{AF6F3CC7-2787-4E7E-BBBA-20A158122D72}.Debug|Any CPU.ActiveCfg = Debug|Any CPU
		{AF6F3CC7-2787-4E7E-BBBA-20A158122D72}.Debug|Any CPU.Build.0 = Debug|Any CPU
		{AF6F3CC7-2787-4E7E-BBBA-20A158122D72}.Release|Any CPU.ActiveCfg = Release|Any CPU
		{AF6F3CC7-2787-4E7E-BBBA-20A158122D72}.Release|Any CPU.Build.0 = Release|Any CPU
	EndGlobalSection
	GlobalSection(SolutionProperties) = preSolution
		HideSolutionNode = FALSE
	EndGlobalSection
EndGlobal
